
Microsoft Visual Studio Solution File, Format Version 12.00
# Visual Studio 14
VisualStudioVersion = 14.0.25420.1
MinimumVisualStudioVersion = 10.0.40219.1
Project("{FAE04EC0-301F-11D3-BF4B-00C04F79EFBC}") = "WebAPIEvol", "WebAPIEvol\WebAPIEvol.csproj", "{521E9302-73E9-4F79-BEDB-31B17E1C6CF2}"
	ProjectSection(ProjectDependencies) = postProject
		{B61F83AE-9306-449E-82DA-014DEF81EB91} = {B61F83AE-9306-449E-82DA-014DEF81EB91}
	EndProjectSection
EndProject
Project("{FAE04EC0-301F-11D3-BF4B-00C04F79EFBC}") = "WebAPIEvol.Tests", "WebAPIEvol.Tests\WebAPIEvol.Tests.csproj", "{F9F849FC-8CB9-4EF6-A4F9-FA518BAE29CB}"
EndProject
Project("{FAE04EC0-301F-11D3-BF4B-00C04F79EFBC}") = "DataAccess", "DataAccess\DataAccess.csproj", "{B61F83AE-9306-449E-82DA-014DEF81EB91}"
EndProject
Global
	GlobalSection(SolutionConfigurationPlatforms) = preSolution
		Debug|Any CPU = Debug|Any CPU
		Release|Any CPU = Release|Any CPU
	EndGlobalSection
	GlobalSection(ProjectConfigurationPlatforms) = postSolution
		{521E9302-73E9-4F79-BEDB-31B17E1C6CF2}.Debug|Any CPU.ActiveCfg = Debug|Any CPU
		{521E9302-73E9-4F79-BEDB-31B17E1C6CF2}.Debug|Any CPU.Build.0 = Debug|Any CPU
		{521E9302-73E9-4F79-BEDB-31B17E1C6CF2}.Release|Any CPU.ActiveCfg = Release|Any CPU
		{521E9302-73E9-4F79-BEDB-31B17E1C6CF2}.Release|Any CPU.Build.0 = Release|Any CPU
		{F9F849FC-8CB9-4EF6-A4F9-FA518BAE29CB}.Debug|Any CPU.ActiveCfg = Debug|Any CPU
		{F9F849FC-8CB9-4EF6-A4F9-FA518BAE29CB}.Debug|Any CPU.Build.0 = Debug|Any CPU
		{F9F849FC-8CB9-4EF6-A4F9-FA518BAE29CB}.Release|Any CPU.ActiveCfg = Release|Any CPU
		{F9F849FC-8CB9-4EF6-A4F9-FA518BAE29CB}.Release|Any CPU.Build.0 = Release|Any CPU
		{B61F83AE-9306-449E-82DA-014DEF81EB91}.Debug|Any CPU.ActiveCfg = Debug|Any CPU
		{B61F83AE-9306-449E-82DA-014DEF81EB91}.Debug|Any CPU.Build.0 = Debug|Any CPU
		{B61F83AE-9306-449E-82DA-014DEF81EB91}.Release|Any CPU.ActiveCfg = Release|Any CPU
		{B61F83AE-9306-449E-82DA-014DEF81EB91}.Release|Any CPU.Build.0 = Release|Any CPU
	EndGlobalSection
	GlobalSection(SolutionProperties) = preSolution
		HideSolutionNode = FALSE
	EndGlobalSection
EndGlobal
